
Microsoft Visual Studio Solution File, Format Version 12.00
# Visual Studio Version 17
VisualStudioVersion = 17.0.31903.59
MinimumVisualStudioVersion = 10.0.40219.1
Project("{FAE04EC0-301F-11D3-BF4B-00C04F79EFBC}") = "Estacionamento1", "Estacionamento\Estacionamento1.csproj", "{3C6EFAAB-B013-4241-A743-4988F4F2AE5F}"
EndProject
Project("{FAE04EC0-301F-11D3-BF4B-00C04F79EFBC}") = "CalculoPrecoBois", "CalculoPrecoBois\CalculoPrecoBois.csproj", "{4F3A4C37-96AD-4648-A4AD-D03219AE8261}"
EndProject
Global
	GlobalSection(SolutionConfigurationPlatforms) = preSolution
		Debug|Any CPU = Debug|Any CPU
		Release|Any CPU = Release|Any CPU
	EndGlobalSection
	GlobalSection(ProjectConfigurationPlatforms) = postSolution
		{3C6EFAAB-B013-4241-A743-4988F4F2AE5F}.Debug|Any CPU.ActiveCfg = Debug|Any CPU
		{3C6EFAAB-B013-4241-A743-4988F4F2AE5F}.Debug|Any CPU.Build.0 = Debug|Any CPU
		{3C6EFAAB-B013-4241-A743-4988F4F2AE5F}.Release|Any CPU.ActiveCfg = Release|Any CPU
		{3C6EFAAB-B013-4241-A743-4988F4F2AE5F}.Release|Any CPU.Build.0 = Release|Any CPU
		{4F3A4C37-96AD-4648-A4AD-D03219AE8261}.Debug|Any CPU.ActiveCfg = Debug|Any CPU
		{4F3A4C37-96AD-4648-A4AD-D03219AE8261}.Debug|Any CPU.Build.0 = Debug|Any CPU
		{4F3A4C37-96AD-4648-A4AD-D03219AE8261}.Release|Any CPU.ActiveCfg = Release|Any CPU
		{4F3A4C37-96AD-4648-A4AD-D03219AE8261}.Release|Any CPU.Build.0 = Release|Any CPU
	EndGlobalSection
	GlobalSection(SolutionProperties) = preSolution
		HideSolutionNode = FALSE
	EndGlobalSection
	GlobalSection(ExtensibilityGlobals) = postSolution
		SolutionGuid = {CEEAF6E3-3644-4D76-A514-C61ECFE92390}
	EndGlobalSection
EndGlobal
